
Microsoft Visual Studio Solution File, Format Version 12.00
# Visual Studio Version 16
VisualStudioVersion = 16.0.31321.278
MinimumVisualStudioVersion = 10.0.40219.1
Project("{9A19103F-16F7-4668-BE54-9A1E7A4F7556}") = "StardewValleyConstructionCalculator", "StardewValleyConstructionCalculator.csproj", "{F7753E1F-80DE-4C9E-BBB2-99DD8A757D51}"
EndProject
Global
	GlobalSection(SolutionConfigurationPlatforms) = preSolution
		Debug|Any CPU = Debug|Any CPU
		Release|Any CPU = Release|Any CPU
	EndGlobalSection
	GlobalSection(ProjectConfigurationPlatforms) = postSolution
		{F7753E1F-80DE-4C9E-BBB2-99DD8A757D51}.Debug|Any CPU.ActiveCfg = Debug|Any CPU
		{F7753E1F-80DE-4C9E-BBB2-99DD8A757D51}.Debug|Any CPU.Build.0 = Debug|Any CPU
		{F7753E1F-80DE-4C9E-BBB2-99DD8A757D51}.Release|Any CPU.ActiveCfg = Release|Any CPU
		{F7753E1F-80DE-4C9E-BBB2-99DD8A757D51}.Release|Any CPU.Build.0 = Release|Any CPU
	EndGlobalSection
	GlobalSection(SolutionProperties) = preSolution
		HideSolutionNode = FALSE
	EndGlobalSection
	GlobalSection(ExtensibilityGlobals) = postSolution
		SolutionGuid = {369811E0-AE40-432D-A8D8-8F95DD1A4CBD}
	EndGlobalSection
EndGlobal
